// !$*UTF8*$!
{
	archiveVersion = 1;
	classes = {
	};
	objectVersion = 46;
	objects = {

/* Begin PBXBuildFile section */
		90DFCE2C1D7EE26300C0677F /* AppDelegate.swift in Sources */ = {isa = PBXBuildFile; fileRef = 90DFCE2B1D7EE26300C0677F /* AppDelegate.swift */; };
		90DFCE2E1D7EE26300C0677F /* ViewController.swift in Sources */ = {isa = PBXBuildFile; fileRef = 90DFCE2D1D7EE26300C0677F /* ViewController.swift */; };
		90DFCE311D7EE26300C0677F /* Main.storyboard in Resources */ = {isa = PBXBuildFile; fileRef = 90DFCE2F1D7EE26300C0677F /* Main.storyboard */; };
		90DFCE331D7EE26300C0677F /* Assets.xcassets in Resources */ = {isa = PBXBuildFile; fileRef = 90DFCE321D7EE26300C0677F /* Assets.xcassets */; };
		90DFCE361D7EE26300C0677F /* LaunchScreen.storyboard in Resources */ = {isa = PBXBuildFile; fileRef = 90DFCE341D7EE26300C0677F /* LaunchScreen.storyboard */; };
		90DFCE411D7EE26400C0677F /* PitchPerfectTests.swift in Sources */ = {isa = PBXBuildFile; fileRef = 90DFCE401D7EE26400C0677F /* PitchPerfectTests.swift */; };
		90DFCE4C1D7EE26400C0677F /* PitchPerfectUITests.swift in Sources */ = {isa = PBXBuildFile; fileRef = 90DFCE4B1D7EE26400C0677F /* PitchPerfectUITests.swift */; };
/* End PBXBuildFile section */

/* Begin PBXContainerItemProxy section */
		90DFCE3D1D7EE26400C0677F /* PBXContainerItemProxy */ = {
			isa = PBXContainerItemProxy;
			containerPortal = 90DFCE201D7EE26300C0677F /* Project object */;
			proxyType = 1;
			remoteGlobalIDString = 90DFCE271D7EE26300C0677F;
			remoteInfo = PitchPerfect;
		};
		90DFCE481D7EE26400C0677F /* PBXContainerItemProxy */ = {
			isa = PBXContainerItemProxy;
			containerPortal = 90DFCE201D7EE26300C0677F /* Project object */;
			proxyType = 1;
			remoteGlobalIDString = 90DFCE271D7EE26300C0677F;
			remoteInfo = PitchPerfect;
		};
/* End PBXContainerItemProxy section */

/* Begin PBXFileReference section */
		90DFCE281D7EE26300C0677F /* PitchPerfect.app */ = {isa = PBXFileReference; explicitFileType = wrapper.application; includeInIndex = 0; path = PitchPerfect.app; sourceTree = BUILT_PRODUCTS_DIR; };
		90DFCE2B1D7EE26300C0677F /* AppDelegate.swift */ = {isa = PBXFileReference; lastKnownFileType = sourcecode.swift; path = AppDelegate.swift; sourceTree = "<group>"; };
		90DFCE2D1D7EE26300C0677F /* ViewController.swift */ = {isa = PBXFileReference; lastKnownFileType = sourcecode.swift; path = ViewController.swift; sourceTree = "<group>"; };
		90DFCE301D7EE26300C0677F /* Base */ = {isa = PBXFileReference; lastKnownFileType = file.storyboard; name = Base; path = Base.lproj/Main.storyboard; sourceTree = "<group>"; };
		90DFCE321D7EE26300C0677F /* Assets.xcassets */ = {isa = PBXFileReference; lastKnownFileType = folder.assetcatalog; path = Assets.xcassets; sourceTree = "<group>"; };
		90DFCE351D7EE26300C0677F /* Base */ = {isa = PBXFileReference; lastKnownFileType = file.storyboard; name = Base; path = Base.lproj/LaunchScreen.storyboard; sourceTree = "<group>"; };
		90DFCE371D7EE26300C0677F /* Info.plist */ = {isa = PBXFileReference; lastKnownFileType = text.plist.xml; path = Info.plist; sourceTree = "<group>"; };
		90DFCE3C1D7EE26400C0677F /* PitchPerfectTests.xctest */ = {isa = PBXFileReference; explicitFileType = wrapper.cfbundle; includeInIndex = 0; path = PitchPerfectTests.xctest; sourceTree = BUILT_PRODUCTS_DIR; };
		90DFCE401D7EE26400C0677F /* PitchPerfectTests.swift */ = {isa = PBXFileReference; lastKnownFileType = sourcecode.swift; path = PitchPerfectTests.swift; sourceTree = "<group>"; };
		90DFCE421D7EE26400C0677F /* Info.plist */ = {isa = PBXFileReference; lastKnownFileType = text.plist.xml; path = Info.plist; sourceTree = "<group>"; };
		90DFCE471D7EE26400C0677F /* PitchPerfectUITests.xctest */ = {isa = PBXFileReference; explicitFileType = wrapper.cfbundle; includeInIndex = 0; path = PitchPerfectUITests.xctest; sourceTree = BUILT_PRODUCTS_DIR; };
		90DFCE4B1D7EE26400C0677F /* PitchPerfectUITests.swift */ = {isa = PBXFileReference; lastKnownFileType = sourcecode.swift; path = PitchPerfectUITests.swift; sourceTree = "<group>"; };
		90DFCE4D1D7EE26400C0677F /* Info.plist */ = {isa = PBXFileReference; lastKnownFileType = text.plist.xml; path = Info.plist; sourceTree = "<group>"; };
/* End PBXFileReference section */

/* Begin PBXFrameworksBuildPhase section */
		90DFCE251D7EE26300C0677F /* Frameworks */ = {
			isa = PBXFrameworksBuildPhase;
			buildActionMask = 2147483647;
			files = (
			);
			runOnlyForDeploymentPostprocessing = 0;
		};
		90DFCE391D7EE26400C0677F /* Frameworks */ = {
			isa = PBXFrameworksBuildPhase;
			buildActionMask = 2147483647;
			files = (
			);
			runOnlyForDeploymentPostprocessing = 0;
		};
		90DFCE441D7EE26400C0677F /* Frameworks */ = {
			isa = PBXFrameworksBuildPhase;
			buildActionMask = 2147483647;
			files = (
			);
			runOnlyForDeploymentPostprocessing = 0;
		};
/* End PBXFrameworksBuildPhase section */

/* Begin PBXGroup section */
		90DFCE1F1D7EE26300C0677F = {
			isa = PBXGroup;
			children = (
				90DFCE2A1D7EE26300C0677F /* PitchPerfect */,
				90DFCE3F1D7EE26400C0677F /* PitchPerfectTests */,
				90DFCE4A1D7EE26400C0677F /* PitchPerfectUITests */,
				90DFCE291D7EE26300C0677F /* Products */,
			);
			sourceTree = "<group>";
		};
		90DFCE291D7EE26300C0677F /* Products */ = {
			isa = PBXGroup;
			children = (
				90DFCE281D7EE26300C0677F /* PitchPerfect.app */,
				90DFCE3C1D7EE26400C0677F /* PitchPerfectTests.xctest */,
				90DFCE471D7EE26400C0677F /* PitchPerfectUITests.xctest */,
			);
			name = Products;
			sourceTree = "<group>";
		};
		90DFCE2A1D7EE26300C0677F /* PitchPerfect */ = {
			isa = PBXGroup;
			children = (
				90DFCE2B1D7EE26300C0677F /* AppDelegate.swift */,
				90DFCE2D1D7EE26300C0677F /* ViewController.swift */,
				90DFCE2F1D7EE26300C0677F /* Main.storyboard */,
				90DFCE321D7EE26300C0677F /* Assets.xcassets */,
				90DFCE341D7EE26300C0677F /* LaunchScreen.storyboard */,
				90DFCE371D7EE26300C0677F /* Info.plist */,
			);
			path = PitchPerfect;
			sourceTree = "<group>";
		};
		90DFCE3F1D7EE26400C0677F /* PitchPerfectTests */ = {
			isa = PBXGroup;
			children = (
				90DFCE401D7EE26400C0677F /* PitchPerfectTests.swift */,
				90DFCE421D7EE26400C0677F /* Info.plist */,
			);
			path = PitchPerfectTests;
			sourceTree = "<group>";
		};
		90DFCE4A1D7EE26400C0677F /* PitchPerfectUITests */ = {
			isa = PBXGroup;
			children = (
				90DFCE4B1D7EE26400C0677F /* PitchPerfectUITests.swift */,
				90DFCE4D1D7EE26400C0677F /* Info.plist */,
			);
			path = PitchPerfectUITests;
			sourceTree = "<group>";
		};
/* End PBXGroup section */

/* Begin PBXNativeTarget section */
		90DFCE271D7EE26300C0677F /* PitchPerfect */ = {
			isa = PBXNativeTarget;
			buildConfigurationList = 90DFCE501D7EE26400C0677F /* Build configuration list for PBXNativeTarget "PitchPerfect" */;
			buildPhases = (
				90DFCE241D7EE26300C0677F /* Sources */,
				90DFCE251D7EE26300C0677F /* Frameworks */,
				90DFCE261D7EE26300C0677F /* Resources */,
			);
			buildRules = (
			);
			dependencies = (
			);
			name = PitchPerfect;
			productName = PitchPerfect;
			productReference = 90DFCE281D7EE26300C0677F /* PitchPerfect.app */;
			productType = "com.apple.product-type.application";
		};
		90DFCE3B1D7EE26400C0677F /* PitchPerfectTests */ = {
			isa = PBXNativeTarget;
			buildConfigurationList = 90DFCE531D7EE26400C0677F /* Build configuration list for PBXNativeTarget "PitchPerfectTests" */;
			buildPhases = (
				90DFCE381D7EE26400C0677F /* Sources */,
				90DFCE391D7EE26400C0677F /* Frameworks */,
				90DFCE3A1D7EE26400C0677F /* Resources */,
			);
			buildRules = (
			);
			dependencies = (
				90DFCE3E1D7EE26400C0677F /* PBXTargetDependency */,
			);
			name = PitchPerfectTests;
			productName = PitchPerfectTests;
			productReference = 90DFCE3C1D7EE26400C0677F /* PitchPerfectTests.xctest */;
			productType = "com.apple.product-type.bundle.unit-test";
		};
		90DFCE461D7EE26400C0677F /* PitchPerfectUITests */ = {
			isa = PBXNativeTarget;
			buildConfigurationList = 90DFCE561D7EE26400C0677F /* Build configuration list for PBXNativeTarget "PitchPerfectUITests" */;
			buildPhases = (
				90DFCE431D7EE26400C0677F /* Sources */,
				90DFCE441D7EE26400C0677F /* Frameworks */,
				90DFCE451D7EE26400C0677F /* Resources */,
			);
			buildRules = (
			);
			dependencies = (
				90DFCE491D7EE26400C0677F /* PBXTargetDependency */,
			);
			name = PitchPerfectUITests;
			productName = PitchPerfectUITests;
			productReference = 90DFCE471D7EE26400C0677F /* PitchPerfectUITests.xctest */;
			productType = "com.apple.product-type.bundle.ui-testing";
		};
/* End PBXNativeTarget section */

/* Begin PBXProject section */
		90DFCE201D7EE26300C0677F /* Project object */ = {
			isa = PBXProject;
			attributes = {
				LastSwiftUpdateCheck = 0730;
				LastUpgradeCheck = 0730;
				ORGANIZATIONNAME = "Sethu Sathyan";
				TargetAttributes = {
					90DFCE271D7EE26300C0677F = {
						CreatedOnToolsVersion = 7.3;
					};
					90DFCE3B1D7EE26400C0677F = {
						CreatedOnToolsVersion = 7.3;
						TestTargetID = 90DFCE271D7EE26300C0677F;
					};
					90DFCE461D7EE26400C0677F = {
						CreatedOnToolsVersion = 7.3;
						TestTargetID = 90DFCE271D7EE26300C0677F;
					};
				};
			};
			buildConfigurationList = 90DFCE231D7EE26300C0677F /* Build configuration list for PBXProject "PitchPerfect" */;
			compatibilityVersion = "Xcode 3.2";
			developmentRegion = English;
			hasScannedForEncodings = 0;
			knownRegions = (
				en,
				Base,
			);
			mainGroup = 90DFCE1F1D7EE26300C0677F;
			productRefGroup = 90DFCE291D7EE26300C0677F /* Products */;
			projectDirPath = "";
			projectRoot = "";
			targets = (
				90DFCE271D7EE26300C0677F /* PitchPerfect */,
				90DFCE3B1D7EE26400C0677F /* PitchPerfectTests */,
				90DFCE461D7EE26400C0677F /* PitchPerfectUITests */,
			);
		};
/* End PBXProject section */

/* Begin PBXResourcesBuildPhase section */
		90DFCE261D7EE26300C0677F /* Resources */ = {
			isa = PBXResourcesBuildPhase;
			buildActionMask = 2147483647;
			files = (
				90DFCE361D7EE26300C0677F /* LaunchScreen.storyboard in Resources */,
				90DFCE331D7EE26300C0677F /* Assets.xcassets in Resources */,
				90DFCE311D7EE26300C0677F /* Main.storyboard in Resources */,
			);
			runOnlyForDeploymentPostprocessing = 0;
		};
		90DFCE3A1D7EE26400C0677F /* Resources */ = {
			isa = PBXResourcesBuildPhase;
			buildActionMask = 2147483647;
			files = (
			);
			runOnlyForDeploymentPostprocessing = 0;
		};
		90DFCE451D7EE26400C0677F /* Resources */ = {
			isa = PBXResourcesBuildPhase;
			buildActionMask = 2147483647;
			files = (
			);
			runOnlyForDeploymentPostprocessing = 0;
		};
/* End PBXResourcesBuildPhase section */

/* Begin PBXSourcesBuildPhase section */
		90DFCE241D7EE26300C0677F /* Sources */ = {
			isa = PBXSourcesBuildPhase;
			buildActionMask = 2147483647;
			files = (
				90DFCE2E1D7EE26300C0677F /* ViewController.swift in Sources */,
				90DFCE2C1D7EE26300C0677F /* AppDelegate.swift in Sources */,
			);
			runOnlyForDeploymentPostprocessing = 0;
		};
		90DFCE381D7EE26400C0677F /* Sources */ = {
			isa = PBXSourcesBuildPhase;
			buildActionMask = 2147483647;
			files = (
				90DFCE411D7EE26400C0677F /* PitchPerfectTests.swift in Sources */,
			);
			runOnlyForDeploymentPostprocessing = 0;
		};
		90DFCE431D7EE26400C0677F /* Sources */ = {
			isa = PBXSourcesBuildPhase;
			buildActionMask = 2147483647;
			files = (
				90DFCE4C1D7EE26400C0677F /* PitchPerfectUITests.swift in Sources */,
			);
			runOnlyForDeploymentPostprocessing = 0;
		};
/* End PBXSourcesBuildPhase section */

/* Begin PBXTargetDependency section */
		90DFCE3E1D7EE26400C0677F /* PBXTargetDependency */ = {
			isa = PBXTargetDependency;
			target = 90DFCE271D7EE26300C0677F /* PitchPerfect */;
			targetProxy = 90DFCE3D1D7EE26400C0677F /* PBXContainerItemProxy */;
		};
		90DFCE491D7EE26400C0677F /* PBXTargetDependency */ = {
			isa = PBXTargetDependency;
			target = 90DFCE271D7EE26300C0677F /* PitchPerfect */;
			targetProxy = 90DFCE481D7EE26400C0677F /* PBXContainerItemProxy */;
		};
/* End PBXTargetDependency section */

/* Begin PBXVariantGroup section */
		90DFCE2F1D7EE26300C0677F /* Main.storyboard */ = {
			isa = PBXVariantGroup;
			children = (
				90DFCE301D7EE26300C0677F /* Base */,
			);
			name = Main.storyboard;
			sourceTree = "<group>";
		};
		90DFCE341D7EE26300C0677F /* LaunchScreen.storyboard */ = {
			isa = PBXVariantGroup;
			children = (
				90DFCE351D7EE26300C0677F /* Base */,
			);
			name = LaunchScreen.storyboard;
			sourceTree = "<group>";
		};
/* End PBXVariantGroup section */

/* Begin XCBuildConfiguration section */
		90DFCE4E1D7EE26400C0677F /* Debug */ = {
			isa = XCBuildConfiguration;
			buildSettings = {
				ALWAYS_SEARCH_USER_PATHS = NO;
				CLANG_ANALYZER_NONNULL = YES;
				CLANG_CXX_LANGUAGE_STANDARD = "gnu++0x";
				CLANG_CXX_LIBRARY = "libc++";
				CLANG_ENABLE_MODULES = YES;
				CLANG_ENABLE_OBJC_ARC = YES;
				CLANG_WARN_BOOL_CONVERSION = YES;
				CLANG_WARN_CONSTANT_CONVERSION = YES;
				CLANG_WARN_DIRECT_OBJC_ISA_USAGE = YES_ERROR;
				CLANG_WARN_EMPTY_BODY = YES;
				CLANG_WARN_ENUM_CONVERSION = YES;
				CLANG_WARN_INT_CONVERSION = YES;
				CLANG_WARN_OBJC_ROOT_CLASS = YES_ERROR;
				CLANG_WARN_UNREACHABLE_CODE = YES;
				CLANG_WARN__DUPLICATE_METHOD_MATCH = YES;
				"CODE_SIGN_IDENTITY[sdk=iphoneos*]" = "iPhone Developer";
				COPY_PHASE_STRIP = NO;
				DEBUG_INFORMATION_FORMAT = dwarf;
				ENABLE_STRICT_OBJC_MSGSEND = YES;
				ENABLE_TESTABILITY = YES;
				GCC_C_LANGUAGE_STANDARD = gnu99;
				GCC_DYNAMIC_NO_PIC = NO;
				GCC_NO_COMMON_BLOCKS = YES;
				GCC_OPTIMIZATION_LEVEL = 0;
				GCC_PREPROCESSOR_DEFINITIONS = (
					"DEBUG=1",
					"$(inherited)",
				);
				GCC_WARN_64_TO_32_BIT_CONVERSION = YES;
				GCC_WARN_ABOUT_RETURN_TYPE = YES_ERROR;
				GCC_WARN_UNDECLARED_SELECTOR = YES;
				GCC_WARN_UNINITIALIZED_AUTOS = YES_AGGRESSIVE;
				GCC_WARN_UNUSED_FUNCTION = YES;
				GCC_WARN_UNUSED_VARIABLE = YES;
				IPHONEOS_DEPLOYMENT_TARGET = 9.3;
				MTL_ENABLE_DEBUG_INFO = YES;
				ONLY_ACTIVE_ARCH = YES;
				SDKROOT = iphoneos;
				SWIFT_OPTIMIZATION_LEVEL = "-Onone";
			};
			name = Debug;
		};
		90DFCE4F1D7EE26400C0677F /* Release */ = {
			isa = XCBuildConfiguration;
			buildSettings = {
				ALWAYS_SEARCH_USER_PATHS = NO;
				CLANG_ANALYZER_NONNULL = YES;
				CLANG_CXX_LANGUAGE_STANDARD = "gnu++0x";
				CLANG_CXX_LIBRARY = "libc++";
				CLANG_ENABLE_MODULES = YES;
				CLANG_ENABLE_OBJC_ARC = YES;
				CLANG_WARN_BOOL_CONVERSION = YES;
				CLANG_WARN_CONSTANT_CONVERSION = YES;
				CLANG_WARN_DIRECT_OBJC_ISA_USAGE = YES_ERROR;
				CLANG_WARN_EMPTY_BODY = YES;
				CLANG_WARN_ENUM_CONVERSION = YES;
				CLANG_WARN_INT_CONVERSION = YES;
				CLANG_WARN_OBJC_ROOT_CLASS = YES_ERROR;
				CLANG_WARN_UNREACHABLE_CODE = YES;
				CLANG_WARN__DUPLICATE_METHOD_MATCH = YES;
				"CODE_SIGN_IDENTITY[sdk=iphoneos*]" = "iPhone Developer";
				COPY_PHASE_STRIP = NO;
				DEBUG_INFORMATION_FORMAT = "dwarf-with-dsym";
				ENABLE_NS_ASSERTIONS = NO;
				ENABLE_STRICT_OBJC_MSGSEND = YES;
				GCC_C_LANGUAGE_STANDARD = gnu99;
				GCC_NO_COMMON_BLOCKS = YES;
				GCC_WARN_64_TO_32_BIT_CONVERSION = YES;
				GCC_WARN_ABOUT_RETURN_TYPE = YES_ERROR;
				GCC_WARN_UNDECLARED_SELECTOR = YES;
				GCC_WARN_UNINITIALIZED_AUTOS = YES_AGGRESSIVE;
				GCC_WARN_UNUSED_FUNCTION = YES;
				GCC_WARN_UNUSED_VARIABLE = YES;
				IPHONEOS_DEPLOYMENT_TARGET = 9.3;
				MTL_ENABLE_DEBUG_INFO = NO;
				SDKROOT = iphoneos;
				VALIDATE_PRODUCT = YES;
			};
			name = Release;
		};
		90DFCE511D7EE26400C0677F /* Debug */ = {
			isa = XCBuildConfiguration;
			buildSettings = {
				ASSETCATALOG_COMPILER_APPICON_NAME = AppIcon;
				INFOPLIST_FILE = PitchPerfect/Info.plist;
				LD_RUNPATH_SEARCH_PATHS = "$(inherited) @executable_path/Frameworks";
				PRODUCT_BUNDLE_IDENTIFIER = com.sethu.PitchPerfect;
				PRODUCT_NAME = "$(TARGET_NAME)";
			};
			name = Debug;
		};
		90DFCE521D7EE26400C0677F /* Release */ = {
			isa = XCBuildConfiguration;
			buildSettings = {
				ASSETCATALOG_COMPILER_APPICON_NAME = AppIcon;
				INFOPLIST_FILE = PitchPerfect/Info.plist;
				LD_RUNPATH_SEARCH_PATHS = "$(inherited) @executable_path/Frameworks";
				PRODUCT_BUNDLE_IDENTIFIER = com.sethu.PitchPerfect;
				PRODUCT_NAME = "$(TARGET_NAME)";
			};
			name = Release;
		};
		90DFCE541D7EE26400C0677F /* Debug */ = {
			isa = XCBuildConfiguration;
			buildSettings = {
				BUNDLE_LOADER = "$(TEST_HOST)";
				INFOPLIST_FILE = PitchPerfectTests/Info.plist;
				LD_RUNPATH_SEARCH_PATHS = "$(inherited) @executable_path/Frameworks @loader_path/Frameworks";
				PRODUCT_BUNDLE_IDENTIFIER = com.sethu.PitchPerfectTests;
				PRODUCT_NAME = "$(TARGET_NAME)";
				TEST_HOST = "$(BUILT_PRODUCTS_DIR)/PitchPerfect.app/PitchPerfect";
			};
			name = Debug;
		};
		90DFCE551D7EE26400C0677F /* Release */ = {
			isa = XCBuildConfiguration;
			buildSettings = {
				BUNDLE_LOADER = "$(TEST_HOST)";
				INFOPLIST_FILE = PitchPerfectTests/Info.plist;
				LD_RUNPATH_SEARCH_PATHS = "$(inherited) @executable_path/Frameworks @loader_path/Frameworks";
				PRODUCT_BUNDLE_IDENTIFIER = com.sethu.PitchPerfectTests;
				PRODUCT_NAME = "$(TARGET_NAME)";
				TEST_HOST = "$(BUILT_PRODUCTS_DIR)/PitchPerfect.app/PitchPerfect";
			};
			name = Release;
		};
		90DFCE571D7EE26400C0677F /* Debug */ = {
			isa = XCBuildConfiguration;
			buildSettings = {
				INFOPLIST_FILE = PitchPerfectUITests/Info.plist;
				LD_RUNPATH_SEARCH_PATHS = "$(inherited) @executable_path/Frameworks @loader_path/Frameworks";
				PRODUCT_BUNDLE_IDENTIFIER = com.sethu.PitchPerfectUITests;
				PRODUCT_NAME = "$(TARGET_NAME)";
				TEST_TARGET_NAME = PitchPerfect;
			};
			name = Debug;
		};
		90DFCE581D7EE26400C0677F /* Release */ = {
			isa = XCBuildConfiguration;
			buildSettings = {
				INFOPLIST_FILE = PitchPerfectUITests/Info.plist;
				LD_RUNPATH_SEARCH_PATHS = "$(inherited) @executable_path/Frameworks @loader_path/Frameworks";
				PRODUCT_BUNDLE_IDENTIFIER = com.sethu.PitchPerfectUITests;
				PRODUCT_NAME = "$(TARGET_NAME)";
				TEST_TARGET_NAME = PitchPerfect;
			};
			name = Release;
		};
/* End XCBuildConfiguration section */

/* Begin XCConfigurationList section */
		90DFCE231D7EE26300C0677F /* Build configuration list for PBXProject "PitchPerfect" */ = {
			isa = XCConfigurationList;
			buildConfigurations = (
				90DFCE4E1D7EE26400C0677F /* Debug */,
				90DFCE4F1D7EE26400C0677F /* Release */,
			);
			defaultConfigurationIsVisible = 0;
			defaultConfigurationName = Release;
		};
		90DFCE501D7EE26400C0677F /* Build configuration list for PBXNativeTarget "PitchPerfect" */ = {
			isa = XCConfigurationList;
			buildConfigurations = (
				90DFCE511D7EE26400C0677F /* Debug */,
				90DFCE521D7EE26400C0677F /* Release */,
			);
			defaultConfigurationIsVisible = 0;
		};
		90DFCE531D7EE26400C0677F /* Build configuration list for PBXNativeTarget "PitchPerfectTests" */ = {
			isa = XCConfigurationList;
			buildConfigurations = (
				90DFCE541D7EE26400C0677F /* Debug */,
				90DFCE551D7EE26400C0677F /* Release */,
			);
			defaultConfigurationIsVisible = 0;
		};
		90DFCE561D7EE26400C0677F /* Build configuration list for PBXNativeTarget "PitchPerfectUITests" */ = {
			isa = XCConfigurationList;
			buildConfigurations = (
				90DFCE571D7EE26400C0677F /* Debug */,
				90DFCE581D7EE26400C0677F /* Release */,
			);
			defaultConfigurationIsVisible = 0;
		};
/* End XCConfigurationList section */
	};
	rootObject = 90DFCE201D7EE26300C0677F /* Project object */;
}
